
Microsoft Visual Studio Solution File, Format Version 12.00
# Visual Studio Version 17
VisualStudioVersion = 17.0.31903.59
MinimumVisualStudioVersion = 10.0.40219.1
Project("{FAE04EC0-301F-11D3-BF4B-00C04F79EFBC}") = "ModularAvaloniaApp", "ModularAvaloniaApp\ModularAvaloniaApp.csproj", "{6315712F-3107-497B-8F49-02A298EF0FCE}"
EndProject
Project("{FAE04EC0-301F-11D3-BF4B-00C04F79EFBC}") = "SampleModule", "SampleModule\SampleModule.csproj", "{C3647358-33B7-4E96-8C20-2AA6DDC6DAE2}"
EndProject
Project("{FAE04EC0-301F-11D3-BF4B-00C04F79EFBC}") = "SecondModule", "SecondModule\SecondModule.csproj", "{F653ED9D-76E8-4E65-8075-779B35282F72}"
EndProject
Global
	GlobalSection(SolutionConfigurationPlatforms) = preSolution
		Debug|Any CPU = Debug|Any CPU
		Debug|x64 = Debug|x64
		Debug|x86 = Debug|x86
		Release|Any CPU = Release|Any CPU
		Release|x64 = Release|x64
		Release|x86 = Release|x86
	EndGlobalSection
	GlobalSection(ProjectConfigurationPlatforms) = postSolution
		{6315712F-3107-497B-8F49-02A298EF0FCE}.Debug|Any CPU.ActiveCfg = Debug|Any CPU
		{6315712F-3107-497B-8F49-02A298EF0FCE}.Debug|Any CPU.Build.0 = Debug|Any CPU
		{6315712F-3107-497B-8F49-02A298EF0FCE}.Debug|x64.ActiveCfg = Debug|Any CPU
		{6315712F-3107-497B-8F49-02A298EF0FCE}.Debug|x64.Build.0 = Debug|Any CPU
		{6315712F-3107-497B-8F49-02A298EF0FCE}.Debug|x86.ActiveCfg = Debug|Any CPU
		{6315712F-3107-497B-8F49-02A298EF0FCE}.Debug|x86.Build.0 = Debug|Any CPU
		{6315712F-3107-497B-8F49-02A298EF0FCE}.Release|Any CPU.ActiveCfg = Release|Any CPU
		{6315712F-3107-497B-8F49-02A298EF0FCE}.Release|Any CPU.Build.0 = Release|Any CPU
		{6315712F-3107-497B-8F49-02A298EF0FCE}.Release|x64.ActiveCfg = Release|Any CPU
		{6315712F-3107-497B-8F49-02A298EF0FCE}.Release|x64.Build.0 = Release|Any CPU
		{6315712F-3107-497B-8F49-02A298EF0FCE}.Release|x86.ActiveCfg = Release|Any CPU
		{6315712F-3107-497B-8F49-02A298EF0FCE}.Release|x86.Build.0 = Release|Any CPU
		{C3647358-33B7-4E96-8C20-2AA6DDC6DAE2}.Debug|Any CPU.ActiveCfg = Debug|Any CPU
		{C3647358-33B7-4E96-8C20-2AA6DDC6DAE2}.Debug|Any CPU.Build.0 = Debug|Any CPU
		{C3647358-33B7-4E96-8C20-2AA6DDC6DAE2}.Debug|x64.ActiveCfg = Debug|Any CPU
		{C3647358-33B7-4E96-8C20-2AA6DDC6DAE2}.Debug|x64.Build.0 = Debug|Any CPU
		{C3647358-33B7-4E96-8C20-2AA6DDC6DAE2}.Debug|x86.ActiveCfg = Debug|Any CPU
		{C3647358-33B7-4E96-8C20-2AA6DDC6DAE2}.Debug|x86.Build.0 = Debug|Any CPU
		{C3647358-33B7-4E96-8C20-2AA6DDC6DAE2}.Release|Any CPU.ActiveCfg = Release|Any CPU
		{C3647358-33B7-4E96-8C20-2AA6DDC6DAE2}.Release|Any CPU.Build.0 = Release|Any CPU
		{C3647358-33B7-4E96-8C20-2AA6DDC6DAE2}.Release|x64.ActiveCfg = Release|Any CPU
		{C3647358-33B7-4E96-8C20-2AA6DDC6DAE2}.Release|x64.Build.0 = Release|Any CPU
		{C3647358-33B7-4E96-8C20-2AA6DDC6DAE2}.Release|x86.ActiveCfg = Release|Any CPU
		{C3647358-33B7-4E96-8C20-2AA6DDC6DAE2}.Release|x86.Build.0 = Release|Any CPU
		{F653ED9D-76E8-4E65-8075-779B35282F72}.Debug|Any CPU.ActiveCfg = Debug|Any CPU
		{F653ED9D-76E8-4E65-8075-779B35282F72}.Debug|Any CPU.Build.0 = Debug|Any CPU
		{F653ED9D-76E8-4E65-8075-779B35282F72}.Debug|x64.ActiveCfg = Debug|Any CPU
		{F653ED9D-76E8-4E65-8075-779B35282F72}.Debug|x64.Build.0 = Debug|Any CPU
		{F653ED9D-76E8-4E65-8075-779B35282F72}.Debug|x86.ActiveCfg = Debug|Any CPU
		{F653ED9D-76E8-4E65-8075-779B35282F72}.Debug|x86.Build.0 = Debug|Any CPU
		{F653ED9D-76E8-4E65-8075-779B35282F72}.Release|Any CPU.ActiveCfg = Release|Any CPU
		{F653ED9D-76E8-4E65-8075-779B35282F72}.Release|Any CPU.Build.0 = Release|Any CPU
		{F653ED9D-76E8-4E65-8075-779B35282F72}.Release|x64.ActiveCfg = Release|Any CPU
		{F653ED9D-76E8-4E65-8075-779B35282F72}.Release|x64.Build.0 = Release|Any CPU
		{F653ED9D-76E8-4E65-8075-779B35282F72}.Release|x86.ActiveCfg = Release|Any CPU
		{F653ED9D-76E8-4E65-8075-779B35282F72}.Release|x86.Build.0 = Release|Any CPU
	EndGlobalSection
	GlobalSection(SolutionProperties) = preSolution
		HideSolutionNode = FALSE
	EndGlobalSection
EndGlobal
